
Microsoft Visual Studio Solution File, Format Version 12.00
# Visual Studio Version 17
VisualStudioVersion = 17.11.35312.102
MinimumVisualStudioVersion = 10.0.40219.1
Project("{9A19103F-16F7-4668-BE54-9A1E7A4F7556}") = "PersonalNotepad", "PersonalNotepad\PersonalNotepad.csproj", "{2A6CF75D-4D88-4A6F-B42E-47A96C5A4A1D}"
EndProject
Global
	GlobalSection(SolutionConfigurationPlatforms) = preSolution
		Debug|Any CPU = Debug|Any CPU
		Release|Any CPU = Release|Any CPU
	EndGlobalSection
	GlobalSection(ProjectConfigurationPlatforms) = postSolution
		{2A6CF75D-4D88-4A6F-B42E-47A96C5A4A1D}.Debug|Any CPU.ActiveCfg = Debug|Any CPU
		{2A6CF75D-4D88-4A6F-B42E-47A96C5A4A1D}.Debug|Any CPU.Build.0 = Debug|Any CPU
		{2A6CF75D-4D88-4A6F-B42E-47A96C5A4A1D}.Release|Any CPU.ActiveCfg = Release|Any CPU
		{2A6CF75D-4D88-4A6F-B42E-47A96C5A4A1D}.Release|Any CPU.Build.0 = Release|Any CPU
	EndGlobalSection
	GlobalSection(SolutionProperties) = preSolution
		HideSolutionNode = FALSE
	EndGlobalSection
	GlobalSection(ExtensibilityGlobals) = postSolution
		SolutionGuid = {7DF3FE22-26B1-4C28-96F0-6571A31A19AF}
	EndGlobalSection
EndGlobal
